Microsoft Visual Studio Solution File, Format Version 12.00
# Visual Studio Version 17
VisualStudioVersion = 17.5.2.0
MinimumVisualStudioVersion = 10.0.40219.1
Project("{2150E333-8FDC-42A3-9474-1A3956D46DE8}") = "dbms-csharp-practice", "dbms-csharp-practice", "{A8477025-F4AF-81B1-A8C3-14BBE556B865}"
EndProject
Project("{2150E333-8FDC-42A3-9474-1A3956D46DE8}") = "scenario-based", "scenario-based", "{EB881FBD-FBB8-0133-0A65-FFA950D8C5B5}"
EndProject
Project("{FAE04EC0-301F-11D3-BF4B-00C04F79EFBC}") = "HealthClinicApp", "dbms-csharp-practice\scenario-based\HealthClinicApp\HealthClinicApp.csproj", "{648DF86B-090D-BF47-F4EA-47AA51B03FFA}"
EndProject
Global
	GlobalSection(SolutionConfigurationPlatforms) = preSolution
		Debug|Any CPU = Debug|Any CPU
		Release|Any CPU = Release|Any CPU
	EndGlobalSection
	GlobalSection(ProjectConfigurationPlatforms) = postSolution
		{648DF86B-090D-BF47-F4EA-47AA51B03FFA}.Debug|Any CPU.ActiveCfg = Debug|Any CPU
		{648DF86B-090D-BF47-F4EA-47AA51B03FFA}.Debug|Any CPU.Build.0 = Debug|Any CPU
		{648DF86B-090D-BF47-F4EA-47AA51B03FFA}.Release|Any CPU.ActiveCfg = Release|Any CPU
		{648DF86B-090D-BF47-F4EA-47AA51B03FFA}.Release|Any CPU.Build.0 = Release|Any CPU
	EndGlobalSection
	GlobalSection(SolutionProperties) = preSolution
		HideSolutionNode = FALSE
	EndGlobalSection
	GlobalSection(NestedProjects) = preSolution
		{EB881FBD-FBB8-0133-0A65-FFA950D8C5B5} = {A8477025-F4AF-81B1-A8C3-14BBE556B865}
		{648DF86B-090D-BF47-F4EA-47AA51B03FFA} = {EB881FBD-FBB8-0133-0A65-FFA950D8C5B5}
	EndGlobalSection
	GlobalSection(ExtensibilityGlobals) = postSolution
		SolutionGuid = {9DB812E4-3360-4BA0-BD42-A6B13B06AB7C}
	EndGlobalSection
EndGlobal
