Microsoft Visual Studio Solution File, Format Version 12.00
# Visual Studio Version 17
VisualStudioVersion = 17.5.2.0
MinimumVisualStudioVersion = 10.0.40219.1
Project("{FAE04EC0-301F-11D3-BF4B-00C04F79EFBC}") = "Notify-hub", "Notify-hub.csproj", "{47A167DD-0917-6A0C-36ED-8670A3F169EA}"
EndProject
Global
	GlobalSection(SolutionConfigurationPlatforms) = preSolution
		Debug|Any CPU = Debug|Any CPU
		Release|Any CPU = Release|Any CPU
	EndGlobalSection
	GlobalSection(ProjectConfigurationPlatforms) = postSolution
		{47A167DD-0917-6A0C-36ED-8670A3F169EA}.Debug|Any CPU.ActiveCfg = Debug|Any CPU
		{47A167DD-0917-6A0C-36ED-8670A3F169EA}.Debug|Any CPU.Build.0 = Debug|Any CPU
		{47A167DD-0917-6A0C-36ED-8670A3F169EA}.Release|Any CPU.ActiveCfg = Release|Any CPU
		{47A167DD-0917-6A0C-36ED-8670A3F169EA}.Release|Any CPU.Build.0 = Release|Any CPU
	EndGlobalSection
	GlobalSection(SolutionProperties) = preSolution
		HideSolutionNode = FALSE
	EndGlobalSection
	GlobalSection(ExtensibilityGlobals) = postSolution
		SolutionGuid = {2B7BC6B6-F67B-4934-90E7-761C4DB9A120}
	EndGlobalSection
EndGlobal
