Microsoft Visual Studio Solution File, Format Version 12.00
# Visual Studio Version 17
VisualStudioVersion = 17.5.2.0
MinimumVisualStudioVersion = 10.0.40219.1
Project("{FAE04EC0-301F-11D3-BF4B-00C04F79EFBC}") = "AddressBookSystem", "AddressBookSystem.csproj", "{6F11F8C9-5A11-588F-F669-99F89C6647FA}"
EndProject
Global
	GlobalSection(SolutionConfigurationPlatforms) = preSolution
		Debug|Any CPU = Debug|Any CPU
		Release|Any CPU = Release|Any CPU
	EndGlobalSection
	GlobalSection(ProjectConfigurationPlatforms) = postSolution
		{6F11F8C9-5A11-588F-F669-99F89C6647FA}.Debug|Any CPU.ActiveCfg = Debug|Any CPU
		{6F11F8C9-5A11-588F-F669-99F89C6647FA}.Debug|Any CPU.Build.0 = Debug|Any CPU
		{6F11F8C9-5A11-588F-F669-99F89C6647FA}.Release|Any CPU.ActiveCfg = Release|Any CPU
		{6F11F8C9-5A11-588F-F669-99F89C6647FA}.Release|Any CPU.Build.0 = Release|Any CPU
	EndGlobalSection
	GlobalSection(SolutionProperties) = preSolution
		HideSolutionNode = FALSE
	EndGlobalSection
	GlobalSection(ExtensibilityGlobals) = postSolution
		SolutionGuid = {0F0C9FBB-E161-45DB-A056-7DC498847EF9}
	EndGlobalSection
EndGlobal
